
Microsoft Visual Studio Solution File, Format Version 12.00
# Visual Studio Version 17
VisualStudioVersion = 17.10.35027.167
MinimumVisualStudioVersion = 10.0.40219.1
Project("{FAE04EC0-301F-11D3-BF4B-00C04F79EFBC}") = "MovieMVC", "MovieMVC.csproj", "{840B7A35-5D03-4BC6-B1C9-BD8D27CCFA0C}"
EndProject
Project("{FAE04EC0-301F-11D3-BF4B-00C04F79EFBC}") = "Infrastructure", "..\Infrastructure\Infrastructure.csproj", "{709A6A4C-24CA-4D74-9F2E-4CF37B6BF84B}"
EndProject
Project("{FAE04EC0-301F-11D3-BF4B-00C04F79EFBC}") = "ApplicationCore", "..\ApplicationCore\ApplicationCore.csproj", "{972F2445-0FB3-4C43-AFF4-5B3257ABCF09}"
EndProject
Global
	GlobalSection(SolutionConfigurationPlatforms) = preSolution
		Debug|Any CPU = Debug|Any CPU
		Release|Any CPU = Release|Any CPU
	EndGlobalSection
	GlobalSection(ProjectConfigurationPlatforms) = postSolution
		{840B7A35-5D03-4BC6-B1C9-BD8D27CCFA0C}.Debug|Any CPU.ActiveCfg = Debug|Any CPU
		{840B7A35-5D03-4BC6-B1C9-BD8D27CCFA0C}.Debug|Any CPU.Build.0 = Debug|Any CPU
		{840B7A35-5D03-4BC6-B1C9-BD8D27CCFA0C}.Release|Any CPU.ActiveCfg = Release|Any CPU
		{840B7A35-5D03-4BC6-B1C9-BD8D27CCFA0C}.Release|Any CPU.Build.0 = Release|Any CPU
		{709A6A4C-24CA-4D74-9F2E-4CF37B6BF84B}.Debug|Any CPU.ActiveCfg = Debug|Any CPU
		{709A6A4C-24CA-4D74-9F2E-4CF37B6BF84B}.Debug|Any CPU.Build.0 = Debug|Any CPU
		{709A6A4C-24CA-4D74-9F2E-4CF37B6BF84B}.Release|Any CPU.ActiveCfg = Release|Any CPU
		{709A6A4C-24CA-4D74-9F2E-4CF37B6BF84B}.Release|Any CPU.Build.0 = Release|Any CPU
		{972F2445-0FB3-4C43-AFF4-5B3257ABCF09}.Debug|Any CPU.ActiveCfg = Debug|Any CPU
		{972F2445-0FB3-4C43-AFF4-5B3257ABCF09}.Debug|Any CPU.Build.0 = Debug|Any CPU
		{972F2445-0FB3-4C43-AFF4-5B3257ABCF09}.Release|Any CPU.ActiveCfg = Release|Any CPU
		{972F2445-0FB3-4C43-AFF4-5B3257ABCF09}.Release|Any CPU.Build.0 = Release|Any CPU
	EndGlobalSection
	GlobalSection(SolutionProperties) = preSolution
		HideSolutionNode = FALSE
	EndGlobalSection
	GlobalSection(ExtensibilityGlobals) = postSolution
		SolutionGuid = {6405117E-60CE-405A-AF86-022464C23B18}
	EndGlobalSection
EndGlobal
